
Microsoft Visual Studio Solution File, Format Version 12.00
# Visual Studio Version 17
VisualStudioVersion = 17.14.36109.1
MinimumVisualStudioVersion = 10.0.40219.1
Project("{FAE04EC0-301F-11D3-BF4B-00C04F79EFBC}") = "Function.Blending.Core", "Function.Blending.Core\Function.Blending.Core.csproj", "{0EAC6EAD-F59E-4AD4-B9D1-E88749ACDFAF}"
EndProject
Project("{FAE04EC0-301F-11D3-BF4B-00C04F79EFBC}") = "Blending.ApiGateway", "Blending.ApiGateway\Blending.ApiGateway.csproj", "{F2AF3370-F6E3-4D38-BFAF-522D48856A4D}"
EndProject
Project("{FAE04EC0-301F-11D3-BF4B-00C04F79EFBC}") = "Function.Blending.Opt", "Function.Blending.Opt\Function.Blending.Opt.csproj", "{B51EF749-18E6-42C4-B6F6-E96048FD90CC}"
EndProject
Project("{FAE04EC0-301F-11D3-BF4B-00C04F79EFBC}") = "Function.Blending.Upload", "Function.Blending.Upload\Function.Blending.Upload.csproj", "{632C2204-2D61-492C-8489-40D52DF6DD32}"
EndProject
Global
	GlobalSection(SolutionConfigurationPlatforms) = preSolution
		Debug|Any CPU = Debug|Any CPU
		Release|Any CPU = Release|Any CPU
	EndGlobalSection
	GlobalSection(ProjectConfigurationPlatforms) = postSolution
		{0EAC6EAD-F59E-4AD4-B9D1-E88749ACDFAF}.Debug|Any CPU.ActiveCfg = Debug|Any CPU
		{0EAC6EAD-F59E-4AD4-B9D1-E88749ACDFAF}.Debug|Any CPU.Build.0 = Debug|Any CPU
		{0EAC6EAD-F59E-4AD4-B9D1-E88749ACDFAF}.Release|Any CPU.ActiveCfg = Release|Any CPU
		{0EAC6EAD-F59E-4AD4-B9D1-E88749ACDFAF}.Release|Any CPU.Build.0 = Release|Any CPU
		{F2AF3370-F6E3-4D38-BFAF-522D48856A4D}.Debug|Any CPU.ActiveCfg = Debug|Any CPU
		{F2AF3370-F6E3-4D38-BFAF-522D48856A4D}.Debug|Any CPU.Build.0 = Debug|Any CPU
		{F2AF3370-F6E3-4D38-BFAF-522D48856A4D}.Release|Any CPU.ActiveCfg = Release|Any CPU
		{F2AF3370-F6E3-4D38-BFAF-522D48856A4D}.Release|Any CPU.Build.0 = Release|Any CPU
		{B51EF749-18E6-42C4-B6F6-E96048FD90CC}.Debug|Any CPU.ActiveCfg = Debug|Any CPU
		{B51EF749-18E6-42C4-B6F6-E96048FD90CC}.Debug|Any CPU.Build.0 = Debug|Any CPU
		{B51EF749-18E6-42C4-B6F6-E96048FD90CC}.Release|Any CPU.ActiveCfg = Release|Any CPU
		{B51EF749-18E6-42C4-B6F6-E96048FD90CC}.Release|Any CPU.Build.0 = Release|Any CPU
		{632C2204-2D61-492C-8489-40D52DF6DD32}.Debug|Any CPU.ActiveCfg = Debug|Any CPU
		{632C2204-2D61-492C-8489-40D52DF6DD32}.Debug|Any CPU.Build.0 = Debug|Any CPU
		{632C2204-2D61-492C-8489-40D52DF6DD32}.Release|Any CPU.ActiveCfg = Release|Any CPU
		{632C2204-2D61-492C-8489-40D52DF6DD32}.Release|Any CPU.Build.0 = Release|Any CPU
	EndGlobalSection
	GlobalSection(SolutionProperties) = preSolution
		HideSolutionNode = FALSE
	EndGlobalSection
	GlobalSection(ExtensibilityGlobals) = postSolution
		SolutionGuid = {24DEE751-DC4E-4144-BBA7-960D4D3CAB29}
	EndGlobalSection
EndGlobal
